
Microsoft Visual Studio Solution File, Format Version 12.00
# Visual Studio Version 17
VisualStudioVersion = 17.0.31903.59
MinimumVisualStudioVersion = 10.0.40219.1
Project("{2150E333-8FDC-42A3-9474-1A3956D46DE8}") = "mvc", "mvc", "{284147CC-10C3-48E1-83C5-46F668037DC0}"
EndProject
Project("{9A19103F-16F7-4668-BE54-9A1E7A4F7556}") = "WebApplication1", "WebApplication1\WebApplication1.csproj", "{3068300E-440D-45ED-B624-A2E14659C338}"
EndProject
Project("{2150E333-8FDC-42A3-9474-1A3956D46DE8}") = "console", "console", "{D64C7B87-D677-4213-BB98-65FC4E94E5F7}"
EndProject
Project("{FAE04EC0-301F-11D3-BF4B-00C04F79EFBC}") = "ConsoleApp1", "ConsoleApp1\ConsoleApp1.csproj", "{470BC52A-FE82-42D8-95FF-5D2025B5F387}"
EndProject
Global
	GlobalSection(SolutionConfigurationPlatforms) = preSolution
		Debug|Any CPU = Debug|Any CPU
		Release|Any CPU = Release|Any CPU
	EndGlobalSection
	GlobalSection(ProjectConfigurationPlatforms) = postSolution
		{3068300E-440D-45ED-B624-A2E14659C338}.Debug|Any CPU.ActiveCfg = Debug|Any CPU
		{3068300E-440D-45ED-B624-A2E14659C338}.Debug|Any CPU.Build.0 = Debug|Any CPU
		{3068300E-440D-45ED-B624-A2E14659C338}.Release|Any CPU.ActiveCfg = Release|Any CPU
		{3068300E-440D-45ED-B624-A2E14659C338}.Release|Any CPU.Build.0 = Release|Any CPU
		{470BC52A-FE82-42D8-95FF-5D2025B5F387}.Debug|Any CPU.ActiveCfg = Debug|Any CPU
		{470BC52A-FE82-42D8-95FF-5D2025B5F387}.Debug|Any CPU.Build.0 = Debug|Any CPU
		{470BC52A-FE82-42D8-95FF-5D2025B5F387}.Release|Any CPU.ActiveCfg = Release|Any CPU
		{470BC52A-FE82-42D8-95FF-5D2025B5F387}.Release|Any CPU.Build.0 = Release|Any CPU
	EndGlobalSection
	GlobalSection(SolutionProperties) = preSolution
		HideSolutionNode = FALSE
	EndGlobalSection
	GlobalSection(NestedProjects) = preSolution
		{3068300E-440D-45ED-B624-A2E14659C338} = {284147CC-10C3-48E1-83C5-46F668037DC0}
		{470BC52A-FE82-42D8-95FF-5D2025B5F387} = {D64C7B87-D677-4213-BB98-65FC4E94E5F7}
	EndGlobalSection
	GlobalSection(ExtensibilityGlobals) = postSolution
		SolutionGuid = {366D309B-AB5F-4968-AF28-F2151467BFBA}
	EndGlobalSection
EndGlobal
